
Microsoft Visual Studio Solution File, Format Version 12.00
# Visual Studio Version 17
VisualStudioVersion = 17.8.34525.116
MinimumVisualStudioVersion = 10.0.40219.1
Project("{8BC9CEB8-8B4A-11D0-8D11-00A0C91BC942}") = "常见算法的汇总", "常见算法的汇总\常见算法的汇总.vcxproj", "{B8ADAA6A-2371-4713-B0A8-0FF2CC80FB2A}"
EndProject
Global
	GlobalSection(SolutionConfigurationPlatforms) = preSolution
		Debug|x64 = Debug|x64
		Debug|x86 = Debug|x86
		Release|x64 = Release|x64
		Release|x86 = Release|x86
	EndGlobalSection
	GlobalSection(ProjectConfigurationPlatforms) = postSolution
		{B8ADAA6A-2371-4713-B0A8-0FF2CC80FB2A}.Debug|x64.ActiveCfg = Debug|x64
		{B8ADAA6A-2371-4713-B0A8-0FF2CC80FB2A}.Debug|x64.Build.0 = Debug|x64
		{B8ADAA6A-2371-4713-B0A8-0FF2CC80FB2A}.Debug|x86.ActiveCfg = Debug|Win32
		{B8ADAA6A-2371-4713-B0A8-0FF2CC80FB2A}.Debug|x86.Build.0 = Debug|Win32
		{B8ADAA6A-2371-4713-B0A8-0FF2CC80FB2A}.Release|x64.ActiveCfg = Release|x64
		{B8ADAA6A-2371-4713-B0A8-0FF2CC80FB2A}.Release|x64.Build.0 = Release|x64
		{B8ADAA6A-2371-4713-B0A8-0FF2CC80FB2A}.Release|x86.ActiveCfg = Release|Win32
		{B8ADAA6A-2371-4713-B0A8-0FF2CC80FB2A}.Release|x86.Build.0 = Release|Win32
	EndGlobalSection
	GlobalSection(SolutionProperties) = preSolution
		HideSolutionNode = FALSE
	EndGlobalSection
	GlobalSection(ExtensibilityGlobals) = postSolution
		SolutionGuid = {3457DA00-391C-40EF-A706-F70AF927C8A9}
	EndGlobalSection
EndGlobal
