<?xml version="1.0" encoding="utf-8"?>
<Project ToolsVersion="4.0" xmlns="http://schemas.microsoft.com/developer/msbuild/2003">
  <ItemGroup>
    <Filter Include="源文件">
      <UniqueIdentifier>{4FC737F1-C7A5-4376-A066-2A32D752A2FF}</UniqueIdentifier>
      <Extensions>cpp;c;cc;cxx;c++;cppm;ixx;def;odl;idl;hpj;bat;asm;asmx</Extensions>
    </Filter>
    <Filter Include="头文件">
      <UniqueIdentifier>{93995380-89BD-4b04-88EB-625FBE52EBFB}</UniqueIdentifier>
      <Extensions>h;hh;hpp;hxx;h++;hm;inl;inc;ipp;xsd</Extensions>
    </Filter>
    <Filter Include="资源文件">
      <UniqueIdentifier>{67DA6AB6-F800-4c08-8B7A-83BB121AAD01}</UniqueIdentifier>
      <Extensions>rc;ico;cur;bmp;dlg;rc2;rct;bin;rgs;gif;jpg;jpeg;jpe;resx;tiff;tif;png;wav;mfcribbon-ms</Extensions>
    </Filter>
    <Filter Include="源文件\01前缀和">
      <UniqueIdentifier>{6891fc8c-03f6-461d-9752-0e0b54b267c5}</UniqueIdentifier>
    </Filter>
    <Filter Include="源文件\02前缀和+哈希">
      <UniqueIdentifier>{518018a0-12f5-48a9-b300-bc3677262a54}</UniqueIdentifier>
    </Filter>
    <Filter Include="源文件\03前后缀分解">
      <UniqueIdentifier>{d35cab0c-af7b-42b3-888b-25831ec6e816}</UniqueIdentifier>
    </Filter>
    <Filter Include="源文件\04差分数组">
      <UniqueIdentifier>{d711a486-e73d-4a7d-b085-53074cae2b0b}</UniqueIdentifier>
    </Filter>
    <Filter Include="源文件\05字符串输入输出处理">
      <UniqueIdentifier>{a2d9cc4f-7fd6-41e1-8a33-7475541a5e7c}</UniqueIdentifier>
    </Filter>
    <Filter Include="源文件\06图的输入输出处理">
      <UniqueIdentifier>{9af4f295-fe54-40eb-a4ed-e24895b7077d}</UniqueIdentifier>
    </Filter>
    <Filter Include="源文件\07二分答案模板+二分答案法">
      <UniqueIdentifier>{09825e5b-0f81-4ab8-9e68-a38ab0e91e6a}</UniqueIdentifier>
    </Filter>
    <Filter Include="源文件\08力扣周赛">
      <UniqueIdentifier>{e7183fdb-5be9-4d33-b9de-68aa745d77db}</UniqueIdentifier>
    </Filter>
    <Filter Include="源文件\09并查集">
      <UniqueIdentifier>{3fca9f46-5661-4387-af23-1357d2c2c096}</UniqueIdentifier>
    </Filter>
    <Filter Include="源文件\10树状数组">
      <UniqueIdentifier>{a0873e8e-4a0a-4bc3-82ae-99e7cbd42ff4}</UniqueIdentifier>
    </Filter>
    <Filter Include="源文件\12树形DFS">
      <UniqueIdentifier>{97901079-749c-4c6a-a350-2c8b9f32e160}</UniqueIdentifier>
    </Filter>
    <Filter Include="源文件\55不同知识的验证">
      <UniqueIdentifier>{1222fb91-b4cd-4654-ba0f-0946822f1089}</UniqueIdentifier>
    </Filter>
    <Filter Include="源文件\013数论知识">
      <UniqueIdentifier>{9971b364-205f-4550-be1b-3ce16fcd6e45}</UniqueIdentifier>
    </Filter>
    <Filter Include="源文件\11DFS">
      <UniqueIdentifier>{baf43d2b-e243-4fa7-b928-8a783ea55859}</UniqueIdentifier>
    </Filter>
    <Filter Include="源文件\014BFS的应用">
      <UniqueIdentifier>{60a7c48d-243d-4255-ac42-a2c108988a0b}</UniqueIdentifier>
    </Filter>
    <Filter Include="源文件\056智能指针">
      <UniqueIdentifier>{a8d12b61-ca2d-4895-ad7b-7d1fbf169dd9}</UniqueIdentifier>
    </Filter>
    <Filter Include="源文件\015拓扑排序的应用">
      <UniqueIdentifier>{b82c9d9c-1c9b-4584-8e81-c00ce4e18096}</UniqueIdentifier>
    </Filter>
    <Filter Include="源文件\016序列DP">
      <UniqueIdentifier>{ec43499d-fe14-4113-aaa3-de02a579226a}</UniqueIdentifier>
    </Filter>
    <Filter Include="源文件\017背包问题">
      <UniqueIdentifier>{eeadf9e4-6159-48b2-b781-6623b09315c7}</UniqueIdentifier>
    </Filter>
  </ItemGroup>
  <ItemGroup>
    <ClCompile Include="01一维前缀和模板.cpp">
      <Filter>源文件\01前缀和</Filter>
    </ClCompile>
    <ClCompile Include="02二维前缀和模板.cpp">
      <Filter>源文件\01前缀和</Filter>
    </ClCompile>
    <ClCompile Include="01和为k的子数组问题.cpp">
      <Filter>源文件\02前缀和+哈希</Filter>
    </ClCompile>
    <ClCompile Include="02和为k的最长子数组问题.cpp">
      <Filter>源文件\02前缀和+哈希</Filter>
    </ClCompile>
    <ClCompile Include="01合并元素.cpp">
      <Filter>源文件\03前后缀分解</Filter>
    </ClCompile>
    <ClCompile Include="01数组差分.cpp">
      <Filter>源文件\04差分数组</Filter>
    </ClCompile>
    <ClCompile Include="01逗号为分割处理数组.cpp">
      <Filter>源文件\05字符串输入输出处理</Filter>
    </ClCompile>
    <ClCompile Include="02getline逗号处理字符串.cpp">
      <Filter>源文件\05字符串输入输出处理</Filter>
    </ClCompile>
    <ClCompile Include="03为给定数组大小流式处理字符串.cpp">
      <Filter>源文件\05字符串输入输出处理</Filter>
    </ClCompile>
    <ClCompile Include="01图的模板.cpp">
      <Filter>源文件\06图的输入输出处理</Filter>
    </ClCompile>
    <ClCompile Include="02点权建图.cpp">
      <Filter>源文件\06图的输入输出处理</Filter>
    </ClCompile>
    <ClCompile Include="03边权建图.cpp">
      <Filter>源文件\06图的输入输出处理</Filter>
    </ClCompile>
    <ClCompile Include="04离散化建图.cpp">
      <Filter>源文件\06图的输入输出处理</Filter>
    </ClCompile>
    <ClCompile Include="04以逗号分割的数组输入处理.cpp">
      <Filter>源文件\05字符串输入输出处理</Filter>
    </ClCompile>
    <ClCompile Include="03领地选择.cpp">
      <Filter>源文件\01前缀和</Filter>
    </ClCompile>
    <ClCompile Include="03平均数为k的最长子数组问题.cpp">
      <Filter>源文件\02前缀和+哈希</Filter>
    </ClCompile>
    <ClCompile Include="03统计数组中全为1的正方形个数.cpp">
      <Filter>源文件\01前缀和</Filter>
    </ClCompile>
    <ClCompile Include="03二分答案法_购物的降级策略.cpp">
      <Filter>源文件\07二分答案模板+二分答案法</Filter>
    </ClCompile>
    <ClCompile Include="07力扣周赛.cpp">
      <Filter>源文件\08力扣周赛</Filter>
    </ClCompile>
    <ClCompile Include="05输入一整行的处理.cpp">
      <Filter>源文件\05字符串输入输出处理</Filter>
    </ClCompile>
    <ClCompile Include="01二分查找的三种写法.cpp">
      <Filter>源文件\07二分答案模板+二分答案法</Filter>
    </ClCompile>
    <ClCompile Include="04切分字符串.cpp">
      <Filter>源文件\07二分答案模板+二分答案法</Filter>
    </ClCompile>
    <ClCompile Include="05最长的R区间.cpp">
      <Filter>源文件\07二分答案模板+二分答案法</Filter>
    </ClCompile>
    <ClCompile Include="01并查集的模板01.cpp">
      <Filter>源文件\09并查集</Filter>
    </ClCompile>
    <ClCompile Include="02并查集的模板02.cpp">
      <Filter>源文件\09并查集</Filter>
    </ClCompile>
    <ClCompile Include="03判断是否为亲戚.cpp">
      <Filter>源文件\09并查集</Filter>
    </ClCompile>
    <ClCompile Include="04计算相似度.cpp">
      <Filter>源文件\09并查集</Filter>
    </ClCompile>
    <ClCompile Include="06流式处理字符串.cpp">
      <Filter>源文件\05字符串输入输出处理</Filter>
    </ClCompile>
    <ClCompile Include="力扣826.cpp">
      <Filter>源文件\08力扣周赛</Filter>
    </ClCompile>
    <ClCompile Include="01单点修改,区间查询.cpp">
      <Filter>源文件\10树状数组</Filter>
    </ClCompile>
    <ClCompile Include="02区间修改,单点查询.cpp">
      <Filter>源文件\10树状数组</Filter>
    </ClCompile>
    <ClCompile Include="03逆序对个数.cpp">
      <Filter>源文件\10树状数组</Filter>
    </ClCompile>
    <ClCompile Include="华为0417.cpp">
      <Filter>源文件\08力扣周赛</Filter>
    </ClCompile>
    <ClCompile Include="01数的3进制表示.cpp">
      <Filter>源文件\11DFS</Filter>
    </ClCompile>
    <ClCompile Include="02任何数表示成2进制表示.cpp">
      <Filter>源文件\11DFS</Filter>
    </ClCompile>
    <ClCompile Include="力扣1738.cpp">
      <Filter>源文件\08力扣周赛</Filter>
    </ClCompile>
    <ClCompile Include="左移右移测试.cpp">
      <Filter>源文件\08力扣周赛</Filter>
    </ClCompile>
    <ClCompile Include="03二进制枚举,找到数组大小为3的所有集合.cpp">
      <Filter>源文件\11DFS</Filter>
    </ClCompile>
    <ClCompile Include="04拥堵的城市.cpp">
      <Filter>源文件\11DFS</Filter>
    </ClCompile>
    <ClCompile Include="01子树节点个数.cpp">
      <Filter>源文件\12树形DFS</Filter>
    </ClCompile>
    <ClCompile Include="01指针大小的验证.cpp">
      <Filter>源文件\55不同知识的验证</Filter>
    </ClCompile>
    <ClCompile Include="02红绿二叉树.cpp">
      <Filter>源文件\12树形DFS</Filter>
    </ClCompile>
    <ClCompile Include="03RGB树.cpp">
      <Filter>源文件\12树形DFS</Filter>
    </ClCompile>
    <ClCompile Include="04_02全红连通块个数.cpp">
      <Filter>源文件\12树形DFS</Filter>
    </ClCompile>
    <ClCompile Include="04全红连通块个数.cpp">
      <Filter>源文件\12树形DFS</Filter>
    </ClCompile>
    <ClCompile Include="05统计给定数字的因子个数.cpp">
      <Filter>源文件\12树形DFS</Filter>
    </ClCompile>
    <ClCompile Include="05魔法树.cpp">
      <Filter>源文件\11DFS</Filter>
    </ClCompile>
    <ClCompile Include="01判断一个数是质数还是合数.cpp">
      <Filter>源文件\013数论知识</Filter>
    </ClCompile>
    <ClCompile Include="02埃氏筛_适合大数据范围.cpp">
      <Filter>源文件\013数论知识</Filter>
    </ClCompile>
    <ClCompile Include="03平方数.cpp">
      <Filter>源文件\013数论知识</Filter>
    </ClCompile>
    <ClCompile Include="06三色树.cpp">
      <Filter>源文件\11DFS</Filter>
    </ClCompile>
    <ClCompile Include="07输出树的高度.cpp">
      <Filter>源文件\11DFS</Filter>
    </ClCompile>
    <ClCompile Include="01离开中山路的最小步数.cpp">
      <Filter>源文件\014BFS的应用</Filter>
    </ClCompile>
    <ClCompile Include="02马能到达的位置.cpp">
      <Filter>源文件\014BFS的应用</Filter>
    </ClCompile>
    <ClCompile Include="03可达的节点数.cpp">
      <Filter>源文件\014BFS的应用</Filter>
    </ClCompile>
    <ClCompile Include="04最省油的方案.cpp">
      <Filter>源文件\014BFS的应用</Filter>
    </ClCompile>
    <ClCompile Include="02包含虚函数类的大小.cpp">
      <Filter>源文件\55不同知识的验证</Filter>
    </ClCompile>
    <ClCompile Include="03指针常量和常量指针.cpp">
      <Filter>源文件\55不同知识的验证</Filter>
    </ClCompile>
    <ClCompile Include="01share_ptr的使用.cpp">
      <Filter>源文件\056智能指针</Filter>
    </ClCompile>
    <ClCompile Include="04多态相关实现.cpp">
      <Filter>源文件\55不同知识的验证</Filter>
    </ClCompile>
    <ClCompile Include="06结点的祖先.cpp">
      <Filter>源文件\12树形DFS</Filter>
    </ClCompile>
    <ClCompile Include="05矩阵距离.cpp">
      <Filter>源文件\014BFS的应用</Filter>
    </ClCompile>
    <ClCompile Include="01引擎模块.cpp">
      <Filter>源文件\015拓扑排序的应用</Filter>
    </ClCompile>
    <ClCompile Include="合唱队行.cpp">
      <Filter>源文件\016序列DP</Filter>
    </ClCompile>
    <ClCompile Include="05判断路径是否存在.cpp">
      <Filter>源文件\09并查集</Filter>
    </ClCompile>
    <ClCompile Include="06完全连通的分量个数.cpp">
      <Filter>源文件\09并查集</Filter>
    </ClCompile>
    <ClCompile Include="最长上升子序列.cpp">
      <Filter>源文件\016序列DP</Filter>
    </ClCompile>
    <ClCompile Include="01和相等的分组.cpp">
      <Filter>源文件\017背包问题</Filter>
    </ClCompile>
    <ClCompile Include="02装满背包需要多少种方法.cpp">
      <Filter>源文件\017背包问题</Filter>
    </ClCompile>
    <ClCompile Include="03获取背包的最大值.cpp">
      <Filter>源文件\017背包问题</Filter>
    </ClCompile>
    <ClCompile Include="04恰好将背包填满需要的最少操作数.cpp">
      <Filter>源文件\017背包问题</Filter>
    </ClCompile>
    <ClCompile Include="02最小内存.cpp">
      <Filter>源文件\015拓扑排序的应用</Filter>
    </ClCompile>
    <ClCompile Include="入度与出度的验证.cpp">
      <Filter>源文件\55不同知识的验证</Filter>
    </ClCompile>
    <ClCompile Include="构造函数的使用.cpp">
      <Filter>源文件\056智能指针</Filter>
    </ClCompile>
    <ClCompile Include="移动构造函数的使用.cpp">
      <Filter>源文件\056智能指针</Filter>
    </ClCompile>
    <ClCompile Include="07处理包含边界符号的字符串.cpp">
      <Filter>源文件\05字符串输入输出处理</Filter>
    </ClCompile>
    <ClCompile Include="04function.cpp">
      <Filter>源文件\056智能指针</Filter>
    </ClCompile>
    <ClCompile Include="05bind.cpp">
      <Filter>源文件\056智能指针</Filter>
    </ClCompile>
    <ClCompile Include="08getline的用法.cpp">
      <Filter>源文件\05字符串输入输出处理</Filter>
    </ClCompile>
    <ClCompile Include="字符串以空格分割输出保留两位小数.cpp">
      <Filter>源文件\056智能指针</Filter>
    </ClCompile>
    <ClCompile Include="多线程实现打印数字.cpp">
      <Filter>源文件\056智能指针</Filter>
    </ClCompile>
    <ClCompile Include="06最小距离和.cpp">
      <Filter>源文件\014BFS的应用</Filter>
    </ClCompile>
    <ClCompile Include="07传球.cpp">
      <Filter>源文件\014BFS的应用</Filter>
    </ClCompile>
    <ClCompile Include="yan.cpp">
      <Filter>源文件\056智能指针</Filter>
    </ClCompile>
    <ClCompile Include="最长公共子序列.cpp">
      <Filter>源文件\056智能指针</Filter>
    </ClCompile>
    <ClCompile Include="wangyi.cpp">
      <Filter>源文件\056智能指针</Filter>
    </ClCompile>
    <ClCompile Include="拷贝构造与移动构造.cpp">
      <Filter>源文件\056智能指针</Filter>
    </ClCompile>
    <ClCompile Include="03拓扑排序模板.cpp">
      <Filter>源文件\015拓扑排序的应用</Filter>
    </ClCompile>
    <ClCompile Include="完美转发验证.cpp">
      <Filter>源文件\056智能指针</Filter>
    </ClCompile>
    <ClCompile Include="huawi.cpp">
      <Filter>源文件\056智能指针</Filter>
    </ClCompile>
    <ClCompile Include="huaweidiert.cpp">
      <Filter>源文件\056智能指针</Filter>
    </ClCompile>
    <ClCompile Include="cehis0000.cpp">
      <Filter>源文件\056智能指针</Filter>
    </ClCompile>
    <ClCompile Include="字符转数字.cpp">
      <Filter>源文件\056智能指针</Filter>
    </ClCompile>
    <ClCompile Include="baidu.cpp">
      <Filter>源文件\056智能指针</Filter>
    </ClCompile>
    <ClCompile Include="返回局部对象实验.cpp">
      <Filter>源文件\056智能指针</Filter>
    </ClCompile>
  </ItemGroup>
</Project>